
Microsoft Visual Studio Solution File, Format Version 12.00
# Visual Studio Version 17
VisualStudioVersion = 17.12.35707.178 d17.12
MinimumVisualStudioVersion = 10.0.40219.1
Project("{FAE04EC0-301F-11D3-BF4B-00C04F79EFBC}") = "L02P02_2021_EC_601_2021_MG_603", "L02P02_2021_EC_601_2021_MG_603\L02P02_2021_EC_601_2021_MG_603.csproj", "{32FF59AF-DBB6-47DD-8F83-69605AC4ABFF}"
EndProject
Global
	GlobalSection(SolutionConfigurationPlatforms) = preSolution
		Debug|Any CPU = Debug|Any CPU
		Release|Any CPU = Release|Any CPU
	EndGlobalSection
	GlobalSection(ProjectConfigurationPlatforms) = postSolution
		{32FF59AF-DBB6-47DD-8F83-69605AC4ABFF}.Debug|Any CPU.ActiveCfg = Debug|Any CPU
		{32FF59AF-DBB6-47DD-8F83-69605AC4ABFF}.Debug|Any CPU.Build.0 = Debug|Any CPU
		{32FF59AF-DBB6-47DD-8F83-69605AC4ABFF}.Release|Any CPU.ActiveCfg = Release|Any CPU
		{32FF59AF-DBB6-47DD-8F83-69605AC4ABFF}.Release|Any CPU.Build.0 = Release|Any CPU
	EndGlobalSection
	GlobalSection(SolutionProperties) = preSolution
		HideSolutionNode = FALSE
	EndGlobalSection
EndGlobal
